PODS:
  - AFNetworking (4.0.1):
    - AFNetworking/NSURLSession (= 4.0.1)
    - AFNetworking/Reachability (= 4.0.1)
    - AFNetworking/Security (= 4.0.1)
    - AFNetworking/Serialization (= 4.0.1)
    - AFNetworking/UIKit (= 4.0.1)
  - AFNetworking/NSURLSession (4.0.1):
    - AFNetworking/Reachability
    - AFNetworking/Security
    - AFNetworking/Serialization
  - AFNetworking/Reachability (4.0.1)
  - AFNetworking/Security (4.0.1)
  - AFNetworking/Serialization (4.0.1)
  - AFNetworking/UIKit (4.0.1):
    - AFNetworking/NSURLSession
  - DZNEmptyDataSet (1.8.1)
  - FMDB (2.7.5):
    - FMDB/standard (= 2.7.5)
  - FMDB/standard (2.7.5)
  - KMCGeigerCounter (0.3.0)
  - LBPhotoBrowser (2.2.2):
    - SDWebImage
  - Masonry (1.1.0)
  - MBProgressHUD (1.0.0)
  - "MBProgressHUD+Add (0.0.2)":
    - MBProgressHUD (~> 1.0.0)
  - MJExtension (3.2.1)
  - MJRefresh (3.4.3)
  - ReactiveObjC (3.1.1)
  - SDWebImage (5.8.1):
    - SDWebImage/Core (= 5.8.1)
  - SDWebImage/Core (5.8.1)
  - WMPageController (2.5.2)
  - YYCache (1.0.4)
  - YYText (1.0.7)
  - ZFPlayer (3.3.3):
    - ZFPlayer/Core (= 3.3.3)
  - ZFPlayer/Core (3.3.3)

DEPENDENCIES:
  - AFNetworking
  - DZNEmptyDataSet
  - FMDB
  - KMCGeigerCounter
  - LBPhotoBrowser (~> 2.2.2)
  - Masonry
  - MBProgressHUD
  - "MBProgressHUD+Add (~> 0.0.2)"
  - MJExtension
  - MJRefresh
  - ReactiveObjC
  - SDWebImage
  - WMPageController (~> 2.5.2)
  - YYCache
  - YYText
  - ZFPlayer

SPEC REPOS:
  trunk:
    - AFNetworking
    - DZNEmptyDataSet
    - FMDB
    - KMCGeigerCounter
    - LBPhotoBrowser
    - Masonry
    - MBProgressHUD
    - "MBProgressHUD+Add"
    - MJExtension
    - MJRefresh
    - ReactiveObjC
    - SDWebImage
    - WMPageController
    - YYCache
    - YYText
    - ZFPlayer

SPEC CHECKSUMS:
  AFNetworking: 7864c38297c79aaca1500c33288e429c3451fdce
  DZNEmptyDataSet: 9525833b9e68ac21c30253e1d3d7076cc828eaa7
  FMDB: 2ce00b547f966261cd18927a3ddb07cb6f3db82a
  KMCGeigerCounter: a06cfeed4a96e8f9a49028abb3ba7e53604d3219
  LBPhotoBrowser: e924dea551c494815fde9185bad85ab6331c45da
  Masonry: 678fab65091a9290e40e2832a55e7ab731aad201
  MBProgressHUD: 4890f671c94e8a0f3cf959aa731e9de2f036d71a
  "MBProgressHUD+Add": 65c4d170c083a2a800ad4470d424ad5978f324c3
  MJExtension: 635f2c663dcb1bf76fa4b715b2570a5710aec545
  MJRefresh: 53e3e3219f204425ee6d3e62e8733d3295944cd6
  ReactiveObjC: 011caa393aa0383245f2dcf9bf02e86b80b36040
  SDWebImage: e3eae2eda88578db0685a0c88597fdadd9433f05
  WMPageController: 0c7624d2b48e4f1ab92371688cf6744ed701575d
  YYCache: 8105b6638f5e849296c71f331ff83891a4942952
  YYText: 5c461d709e24d55a182d1441c41dc639a18a4849
  ZFPlayer: 1310252c253b9958e4fcd411e706b99c31834eaf

PODFILE CHECKSUM: 3d4190fe7a8345c9c5fe9d721106e7b189ef742a

COCOAPODS: 1.9.3
