// !$*UTF8*$!
{
	archiveVersion = 1;
	classes = {
	};
	objectVersion = 53;
	objects = {

/* Begin PBXBuildFile section */
		63167AAD24AAE3C2002CB4EF /* homeDetailViewController.m in Sources */ = {isa = PBXBuildFile; fileRef = 63167AAC24AAE3C2002CB4EF /* homeDetailViewController.m */; };
		63167AB024AB5FEE002CB4EF /* homeNewsCellViewModel.m in Sources */ = {isa = PBXBuildFile; fileRef = 63167AAF24AB5FEE002CB4EF /* homeNewsCellViewModel.m */; };
		63167AB324AB6091002CB4EF /* homeNewsRequestModel.m in Sources */ = {isa = PBXBuildFile; fileRef = 63167AB224AB6091002CB4EF /* homeNewsRequestModel.m */; };
		63167AB624AB6182002CB4EF /* homeNewsModel.m in Sources */ = {isa = PBXBuildFile; fileRef = 63167AB524AB6182002CB4EF /* homeNewsModel.m */; };
		63167AB824AB6380002CB4EF /* homeListModel in Resources */ = {isa = PBXBuildFile; fileRef = 63167AB724AB6380002CB4EF /* homeListModel */; };
		63167ABA24AB63E2002CB4EF /* homeTitleChannelModel in Resources */ = {isa = PBXBuildFile; fileRef = 63167AB924AB63E2002CB4EF /* homeTitleChannelModel */; };
		631BAEE8249B63D700639CD2 /* UITabBar+ljwcodeTabBarItem.m in Sources */ = {isa = PBXBuildFile; fileRef = 631BAEE7249B63D700639CD2 /* UITabBar+ljwcodeTabBarItem.m */; };
		631BAEEB249B751D00639CD2 /* ljwcodeNavigationController.m in Sources */ = {isa = PBXBuildFile; fileRef = 631BAEEA249B751D00639CD2 /* ljwcodeNavigationController.m */; };
		63231B9124A08F110059FD5F /* ljwcodeNavigationBar.m in Sources */ = {isa = PBXBuildFile; fileRef = 63231B9024A08F110059FD5F /* ljwcodeNavigationBar.m */; };
		6328F611249DEA8C00C767A8 /* ljwcodeEmitterHelper.m in Sources */ = {isa = PBXBuildFile; fileRef = 6328F610249DEA8C00C767A8 /* ljwcodeEmitterHelper.m */; };
		6328F614249E111F00C767A8 /* ljwcodeHeader.m in Sources */ = {isa = PBXBuildFile; fileRef = 6328F613249E111F00C767A8 /* ljwcodeHeader.m */; };
		6328F615249E1BBF00C767A8 /* Assets.xcassets in Resources */ = {isa = PBXBuildFile; fileRef = 820978F21BD3A37700CF9D0C /* Assets.xcassets */; };
		63422BDF24A839960091FEE1 /* WMPageController.m in Sources */ = {isa = PBXBuildFile; fileRef = 63422BD624A839960091FEE1 /* WMPageController.m */; };
		63422BE024A839960091FEE1 /* WMMenuItem.m in Sources */ = {isa = PBXBuildFile; fileRef = 63422BDA24A839960091FEE1 /* WMMenuItem.m */; };
		63422BE124A839960091FEE1 /* WMScrollView.m in Sources */ = {isa = PBXBuildFile; fileRef = 63422BDC24A839960091FEE1 /* WMScrollView.m */; };
		63422BE224A839960091FEE1 /* WMMenuView.m in Sources */ = {isa = PBXBuildFile; fileRef = 63422BDD24A839960091FEE1 /* WMMenuView.m */; };
		63422BE324A839960091FEE1 /* WMProgressView.m in Sources */ = {isa = PBXBuildFile; fileRef = 63422BDE24A839960091FEE1 /* WMProgressView.m */; };
		63422C4A24A875D40091FEE1 /* NewsChannelView.m in Sources */ = {isa = PBXBuildFile; fileRef = 63422C4924A875D40091FEE1 /* NewsChannelView.m */; };
		63422C4F24A876520091FEE1 /* QiPageMenuView.m in Sources */ = {isa = PBXBuildFile; fileRef = 63422C4B24A876520091FEE1 /* QiPageMenuView.m */; };
		63422C5024A876520091FEE1 /* QiPageContentView.m in Sources */ = {isa = PBXBuildFile; fileRef = 63422C4E24A876520091FEE1 /* QiPageContentView.m */; };
		63422C5624A87EA30091FEE1 /* newsChannelTitleView.m in Sources */ = {isa = PBXBuildFile; fileRef = 63422C5524A87EA30091FEE1 /* newsChannelTitleView.m */; };
		63422C5824A87EC20091FEE1 /* newsChannelTitleView.xib in Resources */ = {isa = PBXBuildFile; fileRef = 63422C5724A87EC20091FEE1 /* newsChannelTitleView.xib */; };
		63422C5B24A88BB40091FEE1 /* newsChannelModel.m in Sources */ = {isa = PBXBuildFile; fileRef = 63422C5A24A88BB40091FEE1 /* newsChannelModel.m */; };
		63422C5E24A88F020091FEE1 /* channelButton.m in Sources */ = {isa = PBXBuildFile; fileRef = 63422C5D24A88F020091FEE1 /* channelButton.m */; };
		6365C9C024ACB4AF00EC9F1D /* ljwcodeRefreshGifHeader.m in Sources */ = {isa = PBXBuildFile; fileRef = 6365C9BF24ACB4AF00EC9F1D /* ljwcodeRefreshGifHeader.m */; };
		63796B1024ADD83B00FB1421 /* homeNewsBrowserViewController.m in Sources */ = {isa = PBXBuildFile; fileRef = 63796B0F24ADD83B00FB1421 /* homeNewsBrowserViewController.m */; };
		637C2D2624A9C1E60009274C /* UIButton+extend.m in Sources */ = {isa = PBXBuildFile; fileRef = 637C2D2524A9C1E60009274C /* UIButton+extend.m */; };
		637C2D2924A9CDE30009274C /* homeTitleModel.m in Sources */ = {isa = PBXBuildFile; fileRef = 637C2D2824A9CDE30009274C /* homeTitleModel.m */; };
		637C2D2C24A9CF630009274C /* homeTitleViewModel.m in Sources */ = {isa = PBXBuildFile; fileRef = 637C2D2B24A9CF630009274C /* homeTitleViewModel.m */; };
		637C2D3024A9D1600009274C /* networkBaseModel.m in Sources */ = {isa = PBXBuildFile; fileRef = 637C2D2F24A9D1600009274C /* networkBaseModel.m */; };
		637C2D3324A9D1930009274C /* networkURLManager.m in Sources */ = {isa = PBXBuildFile; fileRef = 637C2D3224A9D1930009274C /* networkURLManager.m */; };
		637C2D3624A9D3EA0009274C /* networkManagerCenter.m in Sources */ = {isa = PBXBuildFile; fileRef = 637C2D3524A9D3EA0009274C /* networkManagerCenter.m */; };
		637C2D3924A9DDA10009274C /* homeTitleRequestModel.m in Sources */ = {isa = PBXBuildFile; fileRef = 637C2D3824A9DDA10009274C /* homeTitleRequestModel.m */; };
		637C2D3C24A9F1BA0009274C /* MBProgressHUD+Add.m in Sources */ = {isa = PBXBuildFile; fileRef = 637C2D3A24A9F1BA0009274C /* MBProgressHUD+Add.m */; };
		637C5C0A24A35C0800D7C0E0 /* ljwcodeBaseViewModel.m in Sources */ = {isa = PBXBuildFile; fileRef = 637C5C0924A35C0800D7C0E0 /* ljwcodeBaseViewModel.m */; };
		63AD1ABA24AC61D1007EC745 /* homeJokeModel.m in Sources */ = {isa = PBXBuildFile; fileRef = 63AD1AB924AC61D1007EC745 /* homeJokeModel.m */; };
		63B07BF224A1DD5600C7CD6F /* homeNewsTableViewCell.m in Sources */ = {isa = PBXBuildFile; fileRef = 63B07BF024A1DD5600C7CD6F /* homeNewsTableViewCell.m */; };
		63B07BF324A1DD5600C7CD6F /* homeNewsTableViewCell.xib in Resources */ = {isa = PBXBuildFile; fileRef = 63B07BF124A1DD5600C7CD6F /* homeNewsTableViewCell.xib */; };
		63B07BF624A1E41200C7CD6F /* UIView+frame.m in Sources */ = {isa = PBXBuildFile; fileRef = 63B07BF424A1E41200C7CD6F /* UIView+frame.m */; };
		63C4729E24B0250B0030C84B /* videoPlayerToolView.m in Sources */ = {isa = PBXBuildFile; fileRef = 63C4729D24B0250B0030C84B /* videoPlayerToolView.m */; };
		63C472A124B0566D0030C84B /* NetworkSpeedMonitor.m in Sources */ = {isa = PBXBuildFile; fileRef = 63C472A024B0566D0030C84B /* NetworkSpeedMonitor.m */; };
		63F1F8D024AF219400D687ED /* AVFoundation.framework in Frameworks */ = {isa = PBXBuildFile; fileRef = 63F1F8CF24AF219400D687ED /* AVFoundation.framework */; };
		63F1F8D324AF223200D687ED /* videoPlayerView.m in Sources */ = {isa = PBXBuildFile; fileRef = 63F1F8D224AF223200D687ED /* videoPlayerView.m */; };
		63F1F8D924AF28CA00D687ED /* videoPlayer.xib in Resources */ = {isa = PBXBuildFile; fileRef = 63F1F8D824AF28CA00D687ED /* videoPlayer.xib */; };
		63F1F8DC24AF2D7700D687ED /* videoTitleModel.m in Sources */ = {isa = PBXBuildFile; fileRef = 63F1F8DB24AF2D7700D687ED /* videoTitleModel.m */; };
		63F1F8DF24AF2FD200D687ED /* videoTitleRequestModel.m in Sources */ = {isa = PBXBuildFile; fileRef = 63F1F8DE24AF2FD200D687ED /* videoTitleRequestModel.m */; };
		63F1F8E224AF315E00D687ED /* videoModel.m in Sources */ = {isa = PBXBuildFile; fileRef = 63F1F8E124AF315E00D687ED /* videoModel.m */; };
		63F1F8E424AF31D300D687ED /* videoListModel in Resources */ = {isa = PBXBuildFile; fileRef = 63F1F8E324AF31D300D687ED /* videoListModel */; };
		63F1F8E724AF347600D687ED /* videoTitleViewModel.m in Sources */ = {isa = PBXBuildFile; fileRef = 63F1F8E624AF347600D687ED /* videoTitleViewModel.m */; };
		63F1F8EA24AF3A3500D687ED /* videoContentViewModel.m in Sources */ = {isa = PBXBuildFile; fileRef = 63F1F8E924AF3A3500D687ED /* videoContentViewModel.m */; };
		63F1F8ED24AF3AB600D687ED /* videoContentRequestModel.m in Sources */ = {isa = PBXBuildFile; fileRef = 63F1F8EC24AF3AB600D687ED /* videoContentRequestModel.m */; };
		820978E81BD3A37600CF9D0C /* main.m in Sources */ = {isa = PBXBuildFile; fileRef = 820978E71BD3A37600CF9D0C /* main.m */; };
		820978EB1BD3A37700CF9D0C /* AppDelegate.m in Sources */ = {isa = PBXBuildFile; fileRef = 820978EA1BD3A37700CF9D0C /* AppDelegate.m */; };
		820979101BD3AB2800CF9D0C /* homeViewController.m in Sources */ = {isa = PBXBuildFile; fileRef = 8209790E1BD3AB2800CF9D0C /* homeViewController.m */; };
		820979151BD3AEA800CF9D0C /* ljwcodeWeiTouTiaoViewController.m in Sources */ = {isa = PBXBuildFile; fileRef = 820979131BD3AEA800CF9D0C /* ljwcodeWeiTouTiaoViewController.m */; };
		8209791A1BD3AFAC00CF9D0C /* ljwcodeMineViewController.m in Sources */ = {isa = PBXBuildFile; fileRef = 820979181BD3AFAC00CF9D0C /* ljwcodeMineViewController.m */; };
		8209791F1BD3AFDB00CF9D0C /* ljwcodeVideoViewController.m in Sources */ = {isa = PBXBuildFile; fileRef = 8209791D1BD3AFDB00CF9D0C /* ljwcodeVideoViewController.m */; };
		820979281BD3B28700CF9D0C /* ljwcodeTabBarController.m in Sources */ = {isa = PBXBuildFile; fileRef = 820979271BD3B28700CF9D0C /* ljwcodeTabBarController.m */; };
		949E779424A39605000C446E /* homejokeTableViewCell.m in Sources */ = {isa = PBXBuildFile; fileRef = 949E779224A39605000C446E /* homejokeTableViewCell.m */; };
		949E779524A39605000C446E /* homejokeTableViewCell.xib in Resources */ = {isa = PBXBuildFile; fileRef = 949E779324A39605000C446E /* homejokeTableViewCell.xib */; };
		949E779924A39FDE000C446E /* homeContentNewsTableViewCell.m in Sources */ = {isa = PBXBuildFile; fileRef = 949E779724A39FDE000C446E /* homeContentNewsTableViewCell.m */; };
		949E779A24A39FDE000C446E /* homeContentNewsTableViewCell.xib in Resources */ = {isa = PBXBuildFile; fileRef = 949E779824A39FDE000C446E /* homeContentNewsTableViewCell.xib */; };
		94A4A6EA24A25331002A6CA3 /* ljwcodeBaseViewController.m in Sources */ = {isa = PBXBuildFile; fileRef = 94A4A6E924A25331002A6CA3 /* ljwcodeBaseViewController.m */; };
		C4AFB7D1D396726EDB50A5DB /* Pods_ljwcodeHeadLineNews.framework in Frameworks */ = {isa = PBXBuildFile; fileRef = C26366D8F2716954E8D15696 /* Pods_ljwcodeHeadLineNews.framework */; };
/* End PBXBuildFile section */

/* Begin PBXFileReference section */
		293C19CEC52458542FCA55CC /* Pods-ljwcodeHeadLineNews.release.xcconfig */ = {isa = PBXFileReference; includeInIndex = 1; lastKnownFileType = text.xcconfig; name = "Pods-ljwcodeHeadLineNews.release.xcconfig"; path = "Target Support Files/Pods-ljwcodeHeadLineNews/Pods-ljwcodeHeadLineNews.release.xcconfig"; sourceTree = "<group>"; };
		63167AAB24AAE3C2002CB4EF /* homeDetailViewController.h */ = {isa = PBXFileReference; lastKnownFileType = sourcecode.c.h; path = homeDetailViewController.h; sourceTree = "<group>"; };
		63167AAC24AAE3C2002CB4EF /* homeDetailViewController.m */ = {isa = PBXFileReference; lastKnownFileType = sourcecode.c.objc; path = homeDetailViewController.m; sourceTree = "<group>"; };
		63167AAE24AB5FEE002CB4EF /* homeNewsCellViewModel.h */ = {isa = PBXFileReference; lastKnownFileType = sourcecode.c.h; path = homeNewsCellViewModel.h; sourceTree = "<group>"; };
		63167AAF24AB5FEE002CB4EF /* homeNewsCellViewModel.m */ = {isa = PBXFileReference; lastKnownFileType = sourcecode.c.objc; path = homeNewsCellViewModel.m; sourceTree = "<group>"; };
		63167AB124AB6091002CB4EF /* homeNewsRequestModel.h */ = {isa = PBXFileReference; lastKnownFileType = sourcecode.c.h; path = homeNewsRequestModel.h; sourceTree = "<group>"; };
		63167AB224AB6091002CB4EF /* homeNewsRequestModel.m */ = {isa = PBXFileReference; lastKnownFileType = sourcecode.c.objc; path = homeNewsRequestModel.m; sourceTree = "<group>"; };
		63167AB424AB6182002CB4EF /* homeNewsModel.h */ = {isa = PBXFileReference; lastKnownFileType = sourcecode.c.h; path = homeNewsModel.h; sourceTree = "<group>"; };
		63167AB524AB6182002CB4EF /* homeNewsModel.m */ = {isa = PBXFileReference; lastKnownFileType = sourcecode.c.objc; path = homeNewsModel.m; sourceTree = "<group>"; };
		63167AB724AB6380002CB4EF /* homeListModel */ = {isa = PBXFileReference; lastKnownFileType = text; path = homeListModel; sourceTree = "<group>"; };
		63167AB924AB63E2002CB4EF /* homeTitleChannelModel */ = {isa = PBXFileReference; lastKnownFileType = text; path = homeTitleChannelModel; sourceTree = "<group>"; };
		631BAEE6249B63D700639CD2 /* UITabBar+ljwcodeTabBarItem.h */ = {isa = PBXFileReference; lastKnownFileType = sourcecode.c.h; path = "UITabBar+ljwcodeTabBarItem.h"; sourceTree = "<group>"; };
		631BAEE7249B63D700639CD2 /* UITabBar+ljwcodeTabBarItem.m */ = {isa = PBXFileReference; lastKnownFileType = sourcecode.c.objc; path = "UITabBar+ljwcodeTabBarItem.m"; sourceTree = "<group>"; };
		631BAEE9249B751D00639CD2 /* ljwcodeNavigationController.h */ = {isa = PBXFileReference; lastKnownFileType = sourcecode.c.h; path = ljwcodeNavigationController.h; sourceTree = "<group>"; };
		631BAEEA249B751D00639CD2 /* ljwcodeNavigationController.m */ = {isa = PBXFileReference; lastKnownFileType = sourcecode.c.objc; path = ljwcodeNavigationController.m; sourceTree = "<group>"; };
		63231B8F24A08F110059FD5F /* ljwcodeNavigationBar.h */ = {isa = PBXFileReference; lastKnownFileType = sourcecode.c.h; path = ljwcodeNavigationBar.h; sourceTree = "<group>"; };
		63231B9024A08F110059FD5F /* ljwcodeNavigationBar.m */ = {isa = PBXFileReference; lastKnownFileType = sourcecode.c.objc; path = ljwcodeNavigationBar.m; sourceTree = "<group>"; };
		6328F60F249DEA8C00C767A8 /* ljwcodeEmitterHelper.h */ = {isa = PBXFileReference; lastKnownFileType = sourcecode.c.h; path = ljwcodeEmitterHelper.h; sourceTree = "<group>"; };
		6328F610249DEA8C00C767A8 /* ljwcodeEmitterHelper.m */ = {isa = PBXFileReference; lastKnownFileType = sourcecode.c.objc; path = ljwcodeEmitterHelper.m; sourceTree = "<group>"; };
		6328F612249E111F00C767A8 /* ljwcodeHeader.h */ = {isa = PBXFileReference; lastKnownFileType = sourcecode.c.h; path = ljwcodeHeader.h; sourceTree = "<group>"; };
		6328F613249E111F00C767A8 /* ljwcodeHeader.m */ = {isa = PBXFileReference; lastKnownFileType = sourcecode.c.objc; path = ljwcodeHeader.m; sourceTree = "<group>"; };
		63422BD524A839960091FEE1 /* WMScrollView.h */ = {isa = PBXFileReference; fileEncoding = 4; lastKnownFileType = sourcecode.c.h; path = WMScrollView.h; sourceTree = "<group>"; };
		63422BD624A839960091FEE1 /* WMPageController.m */ = {isa = PBXFileReference; fileEncoding = 4; lastKnownFileType = sourcecode.c.objc; path = WMPageController.m; sourceTree = "<group>"; };
		63422BD724A839960091FEE1 /* WMMenuItem.h */ = {isa = PBXFileReference; fileEncoding = 4; lastKnownFileType = sourcecode.c.h; path = WMMenuItem.h; sourceTree = "<group>"; };
		63422BD824A839960091FEE1 /* WMMenuView.h */ = {isa = PBXFileReference; fileEncoding = 4; lastKnownFileType = sourcecode.c.h; path = WMMenuView.h; sourceTree = "<group>"; };
		63422BD924A839960091FEE1 /* WMProgressView.h */ = {isa = PBXFileReference; fileEncoding = 4; lastKnownFileType = sourcecode.c.h; path = WMProgressView.h; sourceTree = "<group>"; };
		63422BDA24A839960091FEE1 /* WMMenuItem.m */ = {isa = PBXFileReference; fileEncoding = 4; lastKnownFileType = sourcecode.c.objc; path = WMMenuItem.m; sourceTree = "<group>"; };
		63422BDB24A839960091FEE1 /* WMPageController.h */ = {isa = PBXFileReference; fileEncoding = 4; lastKnownFileType = sourcecode.c.h; path = WMPageController.h; sourceTree = "<group>"; };
		63422BDC24A839960091FEE1 /* WMScrollView.m */ = {isa = PBXFileReference; fileEncoding = 4; lastKnownFileType = sourcecode.c.objc; path = WMScrollView.m; sourceTree = "<group>"; };
		63422BDD24A839960091FEE1 /* WMMenuView.m */ = {isa = PBXFileReference; fileEncoding = 4; lastKnownFileType = sourcecode.c.objc; path = WMMenuView.m; sourceTree = "<group>"; };
		63422BDE24A839960091FEE1 /* WMProgressView.m */ = {isa = PBXFileReference; fileEncoding = 4; lastKnownFileType = sourcecode.c.objc; path = WMProgressView.m; sourceTree = "<group>"; };
		63422C4824A875D40091FEE1 /* NewsChannelView.h */ = {isa = PBXFileReference; lastKnownFileType = sourcecode.c.h; path = NewsChannelView.h; sourceTree = "<group>"; };
		63422C4924A875D40091FEE1 /* NewsChannelView.m */ = {isa = PBXFileReference; lastKnownFileType = sourcecode.c.objc; path = NewsChannelView.m; sourceTree = "<group>"; };
		63422C4B24A876520091FEE1 /* QiPageMenuView.m */ = {isa = PBXFileReference; fileEncoding = 4; lastKnownFileType = sourcecode.c.objc; path = QiPageMenuView.m; sourceTree = "<group>"; };
		63422C4C24A876520091FEE1 /* QiPageContentView.h */ = {isa = PBXFileReference; fileEncoding = 4; lastKnownFileType = sourcecode.c.h; path = QiPageContentView.h; sourceTree = "<group>"; };
		63422C4D24A876520091FEE1 /* QiPageMenuView.h */ = {isa = PBXFileReference; fileEncoding = 4; lastKnownFileType = sourcecode.c.h; path = QiPageMenuView.h; sourceTree = "<group>"; };
		63422C4E24A876520091FEE1 /* QiPageContentView.m */ = {isa = PBXFileReference; fileEncoding = 4; lastKnownFileType = sourcecode.c.objc; path = QiPageContentView.m; sourceTree = "<group>"; };
		63422C5424A87EA30091FEE1 /* newsChannelTitleView.h */ = {isa = PBXFileReference; lastKnownFileType = sourcecode.c.h; path = newsChannelTitleView.h; sourceTree = "<group>"; };
		63422C5524A87EA30091FEE1 /* newsChannelTitleView.m */ = {isa = PBXFileReference; lastKnownFileType = sourcecode.c.objc; path = newsChannelTitleView.m; sourceTree = "<group>"; };
		63422C5724A87EC20091FEE1 /* newsChannelTitleView.xib */ = {isa = PBXFileReference; lastKnownFileType = file.xib; path = newsChannelTitleView.xib; sourceTree = "<group>"; };
		63422C5924A88BB40091FEE1 /* newsChannelModel.h */ = {isa = PBXFileReference; lastKnownFileType = sourcecode.c.h; path = newsChannelModel.h; sourceTree = "<group>"; };
		63422C5A24A88BB40091FEE1 /* newsChannelModel.m */ = {isa = PBXFileReference; lastKnownFileType = sourcecode.c.objc; path = newsChannelModel.m; sourceTree = "<group>"; };
		63422C5C24A88F020091FEE1 /* channelButton.h */ = {isa = PBXFileReference; lastKnownFileType = sourcecode.c.h; path = channelButton.h; sourceTree = "<group>"; };
		63422C5D24A88F020091FEE1 /* channelButton.m */ = {isa = PBXFileReference; lastKnownFileType = sourcecode.c.objc; path = channelButton.m; sourceTree = "<group>"; };
		6365C9BE24ACB4AF00EC9F1D /* ljwcodeRefreshGifHeader.h */ = {isa = PBXFileReference; lastKnownFileType = sourcecode.c.h; path = ljwcodeRefreshGifHeader.h; sourceTree = "<group>"; };
		6365C9BF24ACB4AF00EC9F1D /* ljwcodeRefreshGifHeader.m */ = {isa = PBXFileReference; lastKnownFileType = sourcecode.c.objc; path = ljwcodeRefreshGifHeader.m; sourceTree = "<group>"; };
		63796B0E24ADD83B00FB1421 /* homeNewsBrowserViewController.h */ = {isa = PBXFileReference; lastKnownFileType = sourcecode.c.h; path = homeNewsBrowserViewController.h; sourceTree = "<group>"; };
		63796B0F24ADD83B00FB1421 /* homeNewsBrowserViewController.m */ = {isa = PBXFileReference; lastKnownFileType = sourcecode.c.objc; path = homeNewsBrowserViewController.m; sourceTree = "<group>"; };
		637C2D2224A995F70009274C /* ljwcodeHeadLineNews.pch */ = {isa = PBXFileReference; lastKnownFileType = sourcecode.c.h; path = ljwcodeHeadLineNews.pch; sourceTree = "<group>"; };
		637C2D2424A9C1E60009274C /* UIButton+extend.h */ = {isa = PBXFileReference; lastKnownFileType = sourcecode.c.h; path = "UIButton+extend.h"; sourceTree = "<group>"; };
		637C2D2524A9C1E60009274C /* UIButton+extend.m */ = {isa = PBXFileReference; lastKnownFileType = sourcecode.c.objc; path = "UIButton+extend.m"; sourceTree = "<group>"; };
		637C2D2724A9CDE30009274C /* homeTitleModel.h */ = {isa = PBXFileReference; lastKnownFileType = sourcecode.c.h; path = homeTitleModel.h; sourceTree = "<group>"; };
		637C2D2824A9CDE30009274C /* homeTitleModel.m */ = {isa = PBXFileReference; lastKnownFileType = sourcecode.c.objc; path = homeTitleModel.m; sourceTree = "<group>"; };
		637C2D2A24A9CF630009274C /* homeTitleViewModel.h */ = {isa = PBXFileReference; lastKnownFileType = sourcecode.c.h; path = homeTitleViewModel.h; sourceTree = "<group>"; };
		637C2D2B24A9CF630009274C /* homeTitleViewModel.m */ = {isa = PBXFileReference; lastKnownFileType = sourcecode.c.objc; path = homeTitleViewModel.m; sourceTree = "<group>"; };
		637C2D2E24A9D1600009274C /* networkBaseModel.h */ = {isa = PBXFileReference; lastKnownFileType = sourcecode.c.h; path = networkBaseModel.h; sourceTree = "<group>"; };
		637C2D2F24A9D1600009274C /* networkBaseModel.m */ = {isa = PBXFileReference; lastKnownFileType = sourcecode.c.objc; path = networkBaseModel.m; sourceTree = "<group>"; };
		637C2D3124A9D1930009274C /* networkURLManager.h */ = {isa = PBXFileReference; lastKnownFileType = sourcecode.c.h; path = networkURLManager.h; sourceTree = "<group>"; };
		637C2D3224A9D1930009274C /* networkURLManager.m */ = {isa = PBXFileReference; lastKnownFileType = sourcecode.c.objc; path = networkURLManager.m; sourceTree = "<group>"; };
		637C2D3424A9D3EA0009274C /* networkManagerCenter.h */ = {isa = PBXFileReference; lastKnownFileType = sourcecode.c.h; path = networkManagerCenter.h; sourceTree = "<group>"; };
		637C2D3524A9D3EA0009274C /* networkManagerCenter.m */ = {isa = PBXFileReference; lastKnownFileType = sourcecode.c.objc; path = networkManagerCenter.m; sourceTree = "<group>"; };
		637C2D3724A9DDA10009274C /* homeTitleRequestModel.h */ = {isa = PBXFileReference; lastKnownFileType = sourcecode.c.h; path = homeTitleRequestModel.h; sourceTree = "<group>"; };
		637C2D3824A9DDA10009274C /* homeTitleRequestModel.m */ = {isa = PBXFileReference; lastKnownFileType = sourcecode.c.objc; path = homeTitleRequestModel.m; sourceTree = "<group>"; };
		637C2D3A24A9F1BA0009274C /* MBProgressHUD+Add.m */ = {isa = PBXFileReference; fileEncoding = 4; lastKnownFileType = sourcecode.c.objc; path = "MBProgressHUD+Add.m"; sourceTree = "<group>"; };
		637C2D3B24A9F1BA0009274C /* MBProgressHUD+Add.h */ = {isa = PBXFileReference; fileEncoding = 4; lastKnownFileType = sourcecode.c.h; path = "MBProgressHUD+Add.h"; sourceTree = "<group>"; };
		637C5C0824A35C0800D7C0E0 /* ljwcodeBaseViewModel.h */ = {isa = PBXFileReference; lastKnownFileType = sourcecode.c.h; path = ljwcodeBaseViewModel.h; sourceTree = "<group>"; };
		637C5C0924A35C0800D7C0E0 /* ljwcodeBaseViewModel.m */ = {isa = PBXFileReference; lastKnownFileType = sourcecode.c.objc; path = ljwcodeBaseViewModel.m; sourceTree = "<group>"; };
		63AD1AB824AC61D1007EC745 /* homeJokeModel.h */ = {isa = PBXFileReference; lastKnownFileType = sourcecode.c.h; path = homeJokeModel.h; sourceTree = "<group>"; };
		63AD1AB924AC61D1007EC745 /* homeJokeModel.m */ = {isa = PBXFileReference; lastKnownFileType = sourcecode.c.objc; path = homeJokeModel.m; sourceTree = "<group>"; };
		63B07BEF24A1DD5600C7CD6F /* homeNewsTableViewCell.h */ = {isa = PBXFileReference; lastKnownFileType = sourcecode.c.h; path = homeNewsTableViewCell.h; sourceTree = "<group>"; };
		63B07BF024A1DD5600C7CD6F /* homeNewsTableViewCell.m */ = {isa = PBXFileReference; lastKnownFileType = sourcecode.c.objc; path = homeNewsTableViewCell.m; sourceTree = "<group>"; };
		63B07BF124A1DD5600C7CD6F /* homeNewsTableViewCell.xib */ = {isa = PBXFileReference; lastKnownFileType = file.xib; path = homeNewsTableViewCell.xib; sourceTree = "<group>"; };
		63B07BF424A1E41200C7CD6F /* UIView+frame.m */ = {isa = PBXFileReference; fileEncoding = 4; lastKnownFileType = sourcecode.c.objc; path = "UIView+frame.m"; sourceTree = "<group>"; };
		63B07BF524A1E41200C7CD6F /* UIView+frame.h */ = {isa = PBXFileReference; fileEncoding = 4; lastKnownFileType = sourcecode.c.h; path = "UIView+frame.h"; sourceTree = "<group>"; };
		63C4729C24B0250B0030C84B /* videoPlayerToolView.h */ = {isa = PBXFileReference; lastKnownFileType = sourcecode.c.h; path = videoPlayerToolView.h; sourceTree = "<group>"; };
		63C4729D24B0250B0030C84B /* videoPlayerToolView.m */ = {isa = PBXFileReference; lastKnownFileType = sourcecode.c.objc; path = videoPlayerToolView.m; sourceTree = "<group>"; };
		63C4729F24B0566D0030C84B /* NetworkSpeedMonitor.h */ = {isa = PBXFileReference; lastKnownFileType = sourcecode.c.h; path = NetworkSpeedMonitor.h; sourceTree = "<group>"; };
		63C472A024B0566D0030C84B /* NetworkSpeedMonitor.m */ = {isa = PBXFileReference; lastKnownFileType = sourcecode.c.objc; path = NetworkSpeedMonitor.m; sourceTree = "<group>"; };
		63F1F8CF24AF219400D687ED /* AVFoundation.framework */ = {isa = PBXFileReference; lastKnownFileType = wrapper.framework; name = AVFoundation.framework; path = System/Library/Frameworks/AVFoundation.framework; sourceTree = SDKROOT; };
		63F1F8D124AF223200D687ED /* videoPlayerView.h */ = {isa = PBXFileReference; lastKnownFileType = sourcecode.c.h; path = videoPlayerView.h; sourceTree = "<group>"; };
		63F1F8D224AF223200D687ED /* videoPlayerView.m */ = {isa = PBXFileReference; lastKnownFileType = sourcecode.c.objc; path = videoPlayerView.m; sourceTree = "<group>"; };
		63F1F8D824AF28CA00D687ED /* videoPlayer.xib */ = {isa = PBXFileReference; lastKnownFileType = file.xib; path = videoPlayer.xib; sourceTree = "<group>"; };
		63F1F8DA24AF2D7700D687ED /* videoTitleModel.h */ = {isa = PBXFileReference; lastKnownFileType = sourcecode.c.h; path = videoTitleModel.h; sourceTree = "<group>"; };
		63F1F8DB24AF2D7700D687ED /* videoTitleModel.m */ = {isa = PBXFileReference; lastKnownFileType = sourcecode.c.objc; path = videoTitleModel.m; sourceTree = "<group>"; };
		63F1F8DD24AF2FD200D687ED /* videoTitleRequestModel.h */ = {isa = PBXFileReference; lastKnownFileType = sourcecode.c.h; path = videoTitleRequestModel.h; sourceTree = "<group>"; };
		63F1F8DE24AF2FD200D687ED /* videoTitleRequestModel.m */ = {isa = PBXFileReference; lastKnownFileType = sourcecode.c.objc; path = videoTitleRequestModel.m; sourceTree = "<group>"; };
		63F1F8E024AF315E00D687ED /* videoModel.h */ = {isa = PBXFileReference; lastKnownFileType = sourcecode.c.h; path = videoModel.h; sourceTree = "<group>"; };
		63F1F8E124AF315E00D687ED /* videoModel.m */ = {isa = PBXFileReference; lastKnownFileType = sourcecode.c.objc; path = videoModel.m; sourceTree = "<group>"; };
		63F1F8E324AF31D300D687ED /* videoListModel */ = {isa = PBXFileReference; lastKnownFileType = text; path = videoListModel; sourceTree = "<group>"; };
		63F1F8E524AF347600D687ED /* videoTitleViewModel.h */ = {isa = PBXFileReference; lastKnownFileType = sourcecode.c.h; path = videoTitleViewModel.h; sourceTree = "<group>"; };
		63F1F8E624AF347600D687ED /* videoTitleViewModel.m */ = {isa = PBXFileReference; lastKnownFileType = sourcecode.c.objc; path = videoTitleViewModel.m; sourceTree = "<group>"; };
		63F1F8E824AF3A3500D687ED /* videoContentViewModel.h */ = {isa = PBXFileReference; lastKnownFileType = sourcecode.c.h; path = videoContentViewModel.h; sourceTree = "<group>"; };
		63F1F8E924AF3A3500D687ED /* videoContentViewModel.m */ = {isa = PBXFileReference; lastKnownFileType = sourcecode.c.objc; path = videoContentViewModel.m; sourceTree = "<group>"; };
		63F1F8EB24AF3AB600D687ED /* videoContentRequestModel.h */ = {isa = PBXFileReference; lastKnownFileType = sourcecode.c.h; path = videoContentRequestModel.h; sourceTree = "<group>"; };
		63F1F8EC24AF3AB600D687ED /* videoContentRequestModel.m */ = {isa = PBXFileReference; lastKnownFileType = sourcecode.c.objc; path = videoContentRequestModel.m; sourceTree = "<group>"; };
		820978E31BD3A37600CF9D0C /* 今日头条.app */ = {isa = PBXFileReference; explicitFileType = wrapper.application; includeInIndex = 0; path = "今日头条.app"; sourceTree = BUILT_PRODUCTS_DIR; };
		820978E71BD3A37600CF9D0C /* main.m */ = {isa = PBXFileReference; lastKnownFileType = sourcecode.c.objc; path = main.m; sourceTree = "<group>"; };
		820978E91BD3A37700CF9D0C /* AppDelegate.h */ = {isa = PBXFileReference; lastKnownFileType = sourcecode.c.h; path = AppDelegate.h; sourceTree = "<group>"; };
		820978EA1BD3A37700CF9D0C /* AppDelegate.m */ = {isa = PBXFileReference; lastKnownFileType = sourcecode.c.objc; path = AppDelegate.m; sourceTree = "<group>"; };
		820978F21BD3A37700CF9D0C /* Assets.xcassets */ = {isa = PBXFileReference; lastKnownFileType = folder.assetcatalog; path = Assets.xcassets; sourceTree = "<group>"; };
		820978F71BD3A37700CF9D0C /* Info.plist */ = {isa = PBXFileReference; lastKnownFileType = text.plist.xml; path = Info.plist; sourceTree = "<group>"; };
		8209790D1BD3AB2800CF9D0C /* homeViewController.h */ = {isa = PBXFileReference; fileEncoding = 4; lastKnownFileType = sourcecode.c.h; path = homeViewController.h; sourceTree = "<group>"; };
		8209790E1BD3AB2800CF9D0C /* homeViewController.m */ = {isa = PBXFileReference; fileEncoding = 4; lastKnownFileType = sourcecode.c.objc; path = homeViewController.m; sourceTree = "<group>"; };
		820979121BD3AEA800CF9D0C /* ljwcodeWeiTouTiaoViewController.h */ = {isa = PBXFileReference; fileEncoding = 4; lastKnownFileType = sourcecode.c.h; path = ljwcodeWeiTouTiaoViewController.h; sourceTree = "<group>"; };
		820979131BD3AEA800CF9D0C /* ljwcodeWeiTouTiaoViewController.m */ = {isa = PBXFileReference; fileEncoding = 4; lastKnownFileType = sourcecode.c.objc; path = ljwcodeWeiTouTiaoViewController.m; sourceTree = "<group>"; };
		820979171BD3AFAC00CF9D0C /* ljwcodeMineViewController.h */ = {isa = PBXFileReference; fileEncoding = 4; lastKnownFileType = sourcecode.c.h; path = ljwcodeMineViewController.h; sourceTree = "<group>"; };
		820979181BD3AFAC00CF9D0C /* ljwcodeMineViewController.m */ = {isa = PBXFileReference; fileEncoding = 4; lastKnownFileType = sourcecode.c.objc; path = ljwcodeMineViewController.m; sourceTree = "<group>"; };
		8209791C1BD3AFDB00CF9D0C /* ljwcodeVideoViewController.h */ = {isa = PBXFileReference; fileEncoding = 4; lastKnownFileType = sourcecode.c.h; path = ljwcodeVideoViewController.h; sourceTree = "<group>"; };
		8209791D1BD3AFDB00CF9D0C /* ljwcodeVideoViewController.m */ = {isa = PBXFileReference; fileEncoding = 4; lastKnownFileType = sourcecode.c.objc; path = ljwcodeVideoViewController.m; sourceTree = "<group>"; };
		820979261BD3B28700CF9D0C /* ljwcodeTabBarController.h */ = {isa = PBXFileReference; fileEncoding = 4; lastKnownFileType = sourcecode.c.h; path = ljwcodeTabBarController.h; sourceTree = "<group>"; };
		820979271BD3B28700CF9D0C /* ljwcodeTabBarController.m */ = {isa = PBXFileReference; fileEncoding = 4; lastKnownFileType = sourcecode.c.objc; path = ljwcodeTabBarController.m; sourceTree = "<group>"; };
		949E779124A39605000C446E /* homejokeTableViewCell.h */ = {isa = PBXFileReference; lastKnownFileType = sourcecode.c.h; path = homejokeTableViewCell.h; sourceTree = "<group>"; };
		949E779224A39605000C446E /* homejokeTableViewCell.m */ = {isa = PBXFileReference; lastKnownFileType = sourcecode.c.objc; path = homejokeTableViewCell.m; sourceTree = "<group>"; };
		949E779324A39605000C446E /* homejokeTableViewCell.xib */ = {isa = PBXFileReference; lastKnownFileType = file.xib; path = homejokeTableViewCell.xib; sourceTree = "<group>"; };
		949E779624A39FDE000C446E /* homeContentNewsTableViewCell.h */ = {isa = PBXFileReference; lastKnownFileType = sourcecode.c.h; path = homeContentNewsTableViewCell.h; sourceTree = "<group>"; };
		949E779724A39FDE000C446E /* homeContentNewsTableViewCell.m */ = {isa = PBXFileReference; lastKnownFileType = sourcecode.c.objc; path = homeContentNewsTableViewCell.m; sourceTree = "<group>"; };
		949E779824A39FDE000C446E /* homeContentNewsTableViewCell.xib */ = {isa = PBXFileReference; lastKnownFileType = file.xib; path = homeContentNewsTableViewCell.xib; sourceTree = "<group>"; };
		94A4A6E824A25331002A6CA3 /* ljwcodeBaseViewController.h */ = {isa = PBXFileReference; lastKnownFileType = sourcecode.c.h; path = ljwcodeBaseViewController.h; sourceTree = "<group>"; };
		94A4A6E924A25331002A6CA3 /* ljwcodeBaseViewController.m */ = {isa = PBXFileReference; lastKnownFileType = sourcecode.c.objc; path = ljwcodeBaseViewController.m; sourceTree = "<group>"; };
		A2C008BF83355F08C3B5A22B /* Pods-ljwcodeHeadLineNews.debug.xcconfig */ = {isa = PBXFileReference; includeInIndex = 1; lastKnownFileType = text.xcconfig; name = "Pods-ljwcodeHeadLineNews.debug.xcconfig"; path = "Target Support Files/Pods-ljwcodeHeadLineNews/Pods-ljwcodeHeadLineNews.debug.xcconfig"; sourceTree = "<group>"; };
		C26366D8F2716954E8D15696 /* Pods_ljwcodeHeadLineNews.framework */ = {isa = PBXFileReference; explicitFileType = wrapper.framework; includeInIndex = 0; path = Pods_ljwcodeHeadLineNews.framework; sourceTree = BUILT_PRODUCTS_DIR; };
/* End PBXFileReference section */

/* Begin PBXFrameworksBuildPhase section */
		820978E01BD3A37600CF9D0C /* Frameworks */ = {
			isa = PBXFrameworksBuildPhase;
			buildActionMask = 2147483647;
			files = (
				63F1F8D024AF219400D687ED /* AVFoundation.framework in Frameworks */,
				C4AFB7D1D396726EDB50A5DB /* Pods_ljwcodeHeadLineNews.framework in Frameworks */,
			);
			runOnlyForDeploymentPostprocessing = 0;
		};
/* End PBXFrameworksBuildPhase section */

/* Begin PBXGroup section */
		3FB1808D7FA9F1803F155581 /* Pods */ = {
			isa = PBXGroup;
			children = (
				A2C008BF83355F08C3B5A22B /* Pods-ljwcodeHeadLineNews.debug.xcconfig */,
				293C19CEC52458542FCA55CC /* Pods-ljwcodeHeadLineNews.release.xcconfig */,
			);
			path = Pods;
			sourceTree = "<group>";
		};
		6328F60B249DABDA00C767A8 /* ljwcodeTools */ = {
			isa = PBXGroup;
			children = (
				637C2D3B24A9F1BA0009274C /* MBProgressHUD+Add.h */,
				637C2D3A24A9F1BA0009274C /* MBProgressHUD+Add.m */,
				6328F60F249DEA8C00C767A8 /* ljwcodeEmitterHelper.h */,
				6328F610249DEA8C00C767A8 /* ljwcodeEmitterHelper.m */,
				637C2D2424A9C1E60009274C /* UIButton+extend.h */,
				637C2D2524A9C1E60009274C /* UIButton+extend.m */,
				6365C9BE24ACB4AF00EC9F1D /* ljwcodeRefreshGifHeader.h */,
				6365C9BF24ACB4AF00EC9F1D /* ljwcodeRefreshGifHeader.m */,
				63C4729F24B0566D0030C84B /* NetworkSpeedMonitor.h */,
				63C472A024B0566D0030C84B /* NetworkSpeedMonitor.m */,
			);
			path = ljwcodeTools;
			sourceTree = "<group>";
		};
		63422BBA24A838720091FEE1 /* 3rd */ = {
			isa = PBXGroup;
			children = (
				63422BD424A839960091FEE1 /* WMPageController */,
			);
			name = 3rd;
			sourceTree = "<group>";
		};
		63422BD424A839960091FEE1 /* WMPageController */ = {
			isa = PBXGroup;
			children = (
				63422BD524A839960091FEE1 /* WMScrollView.h */,
				63422BDC24A839960091FEE1 /* WMScrollView.m */,
				63422BD824A839960091FEE1 /* WMMenuView.h */,
				63422BDD24A839960091FEE1 /* WMMenuView.m */,
				63422BD724A839960091FEE1 /* WMMenuItem.h */,
				63422BDA24A839960091FEE1 /* WMMenuItem.m */,
				63422BDB24A839960091FEE1 /* WMPageController.h */,
				63422BD624A839960091FEE1 /* WMPageController.m */,
				63422BD924A839960091FEE1 /* WMProgressView.h */,
				63422BDE24A839960091FEE1 /* WMProgressView.m */,
			);
			path = WMPageController;
			sourceTree = "<group>";
		};
		63422C4724A8759C0091FEE1 /* ChannelView */ = {
			isa = PBXGroup;
			children = (
				63422C4824A875D40091FEE1 /* NewsChannelView.h */,
				63422C4924A875D40091FEE1 /* NewsChannelView.m */,
				63422C5424A87EA30091FEE1 /* newsChannelTitleView.h */,
				63422C5524A87EA30091FEE1 /* newsChannelTitleView.m */,
				63422C5724A87EC20091FEE1 /* newsChannelTitleView.xib */,
				63422C5924A88BB40091FEE1 /* newsChannelModel.h */,
				63422C5A24A88BB40091FEE1 /* newsChannelModel.m */,
				63422C5C24A88F020091FEE1 /* channelButton.h */,
				63422C5D24A88F020091FEE1 /* channelButton.m */,
			);
			path = ChannelView;
			sourceTree = "<group>";
		};
		63796B0D24ADCFDE00FB1421 /* webView */ = {
			isa = PBXGroup;
			children = (
				63796B0E24ADD83B00FB1421 /* homeNewsBrowserViewController.h */,
				63796B0F24ADD83B00FB1421 /* homeNewsBrowserViewController.m */,
			);
			path = webView;
			sourceTree = "<group>";
		};
		637C2D2D24A9D1120009274C /* headLineNewsNetwork */ = {
			isa = PBXGroup;
			children = (
				637C2D2E24A9D1600009274C /* networkBaseModel.h */,
				637C2D2F24A9D1600009274C /* networkBaseModel.m */,
				637C2D3124A9D1930009274C /* networkURLManager.h */,
				637C2D3224A9D1930009274C /* networkURLManager.m */,
				637C2D3424A9D3EA0009274C /* networkManagerCenter.h */,
				637C2D3524A9D3EA0009274C /* networkManagerCenter.m */,
			);
			path = headLineNewsNetwork;
			sourceTree = "<group>";
		};
		637C5C0524A35B6500D7C0E0 /* model */ = {
			isa = PBXGroup;
			children = (
			);
			path = model;
			sourceTree = "<group>";
		};
		637C5C0624A35B6C00D7C0E0 /* view */ = {
			isa = PBXGroup;
			children = (
			);
			path = view;
			sourceTree = "<group>";
		};
		637C5C0724A35B7B00D7C0E0 /* viewModel */ = {
			isa = PBXGroup;
			children = (
				637C5C0824A35C0800D7C0E0 /* ljwcodeBaseViewModel.h */,
				637C5C0924A35C0800D7C0E0 /* ljwcodeBaseViewModel.m */,
			);
			path = viewModel;
			sourceTree = "<group>";
		};
		63B07BE424A1DB0200C7CD6F /* pageController */ = {
			isa = PBXGroup;
			children = (
				63422C4C24A876520091FEE1 /* QiPageContentView.h */,
				63422C4E24A876520091FEE1 /* QiPageContentView.m */,
				63422C4D24A876520091FEE1 /* QiPageMenuView.h */,
				63422C4B24A876520091FEE1 /* QiPageMenuView.m */,
				63B07BF524A1E41200C7CD6F /* UIView+frame.h */,
				63B07BF424A1E41200C7CD6F /* UIView+frame.m */,
			);
			path = pageController;
			sourceTree = "<group>";
		};
		63B07BEB24A1DCD300C7CD6F /* Controller */ = {
			isa = PBXGroup;
			children = (
				8209790D1BD3AB2800CF9D0C /* homeViewController.h */,
				8209790E1BD3AB2800CF9D0C /* homeViewController.m */,
				63167AAB24AAE3C2002CB4EF /* homeDetailViewController.h */,
				63167AAC24AAE3C2002CB4EF /* homeDetailViewController.m */,
			);
			path = Controller;
			sourceTree = "<group>";
		};
		63B07BEC24A1DCE900C7CD6F /* View */ = {
			isa = PBXGroup;
			children = (
				63B07BEF24A1DD5600C7CD6F /* homeNewsTableViewCell.h */,
				63B07BF024A1DD5600C7CD6F /* homeNewsTableViewCell.m */,
				63B07BF124A1DD5600C7CD6F /* homeNewsTableViewCell.xib */,
				949E779124A39605000C446E /* homejokeTableViewCell.h */,
				949E779224A39605000C446E /* homejokeTableViewCell.m */,
				949E779324A39605000C446E /* homejokeTableViewCell.xib */,
				949E779624A39FDE000C446E /* homeContentNewsTableViewCell.h */,
				949E779724A39FDE000C446E /* homeContentNewsTableViewCell.m */,
				949E779824A39FDE000C446E /* homeContentNewsTableViewCell.xib */,
			);
			path = View;
			sourceTree = "<group>";
		};
		63B07BED24A1DCF100C7CD6F /* Model */ = {
			isa = PBXGroup;
			children = (
				637C2D2724A9CDE30009274C /* homeTitleModel.h */,
				637C2D2824A9CDE30009274C /* homeTitleModel.m */,
				637C2D3724A9DDA10009274C /* homeTitleRequestModel.h */,
				637C2D3824A9DDA10009274C /* homeTitleRequestModel.m */,
				63167AB124AB6091002CB4EF /* homeNewsRequestModel.h */,
				63167AB224AB6091002CB4EF /* homeNewsRequestModel.m */,
				63167AB424AB6182002CB4EF /* homeNewsModel.h */,
				63167AB524AB6182002CB4EF /* homeNewsModel.m */,
				63167AB724AB6380002CB4EF /* homeListModel */,
				63167AB924AB63E2002CB4EF /* homeTitleChannelModel */,
				63AD1AB824AC61D1007EC745 /* homeJokeModel.h */,
				63AD1AB924AC61D1007EC745 /* homeJokeModel.m */,
			);
			path = Model;
			sourceTree = "<group>";
		};
		63B07BEE24A1DCF900C7CD6F /* ViewModel */ = {
			isa = PBXGroup;
			children = (
				637C2D2A24A9CF630009274C /* homeTitleViewModel.h */,
				637C2D2B24A9CF630009274C /* homeTitleViewModel.m */,
				63167AAE24AB5FEE002CB4EF /* homeNewsCellViewModel.h */,
				63167AAF24AB5FEE002CB4EF /* homeNewsCellViewModel.m */,
			);
			path = ViewModel;
			sourceTree = "<group>";
		};
		63F1F8D424AF27CF00D687ED /* view */ = {
			isa = PBXGroup;
			children = (
				63F1F8D124AF223200D687ED /* videoPlayerView.h */,
				63F1F8D224AF223200D687ED /* videoPlayerView.m */,
				63F1F8D824AF28CA00D687ED /* videoPlayer.xib */,
				63C4729C24B0250B0030C84B /* videoPlayerToolView.h */,
				63C4729D24B0250B0030C84B /* videoPlayerToolView.m */,
			);
			path = view;
			sourceTree = "<group>";
		};
		63F1F8D524AF27DB00D687ED /* model */ = {
			isa = PBXGroup;
			children = (
				63F1F8DA24AF2D7700D687ED /* videoTitleModel.h */,
				63F1F8DB24AF2D7700D687ED /* videoTitleModel.m */,
				63F1F8DD24AF2FD200D687ED /* videoTitleRequestModel.h */,
				63F1F8DE24AF2FD200D687ED /* videoTitleRequestModel.m */,
				63F1F8E024AF315E00D687ED /* videoModel.h */,
				63F1F8E124AF315E00D687ED /* videoModel.m */,
				63F1F8EB24AF3AB600D687ED /* videoContentRequestModel.h */,
				63F1F8EC24AF3AB600D687ED /* videoContentRequestModel.m */,
				63F1F8E324AF31D300D687ED /* videoListModel */,
			);
			path = model;
			sourceTree = "<group>";
		};
		63F1F8D624AF27E200D687ED /* viewModel */ = {
			isa = PBXGroup;
			children = (
				63F1F8E524AF347600D687ED /* videoTitleViewModel.h */,
				63F1F8E624AF347600D687ED /* videoTitleViewModel.m */,
				63F1F8E824AF3A3500D687ED /* videoContentViewModel.h */,
				63F1F8E924AF3A3500D687ED /* videoContentViewModel.m */,
			);
			path = viewModel;
			sourceTree = "<group>";
		};
		63F1F8D724AF27ED00D687ED /* Controller */ = {
			isa = PBXGroup;
			children = (
				8209791C1BD3AFDB00CF9D0C /* ljwcodeVideoViewController.h */,
				8209791D1BD3AFDB00CF9D0C /* ljwcodeVideoViewController.m */,
			);
			path = Controller;
			sourceTree = "<group>";
		};
		820978DA1BD3A37600CF9D0C = {
			isa = PBXGroup;
			children = (
				820978E51BD3A37600CF9D0C /* ljwcodeHeadLineNews */,
				820979211BD3B0FE00CF9D0C /* Frameworks */,
				820978E41BD3A37600CF9D0C /* Products */,
				3FB1808D7FA9F1803F155581 /* Pods */,
			);
			sourceTree = "<group>";
		};
		820978E41BD3A37600CF9D0C /* Products */ = {
			isa = PBXGroup;
			children = (
				820978E31BD3A37600CF9D0C /* 今日头条.app */,
			);
			name = Products;
			sourceTree = "<group>";
		};
		820978E51BD3A37600CF9D0C /* ljwcodeHeadLineNews */ = {
			isa = PBXGroup;
			children = (
				63422BBA24A838720091FEE1 /* 3rd */,
				63B07BE424A1DB0200C7CD6F /* pageController */,
				6328F60B249DABDA00C767A8 /* ljwcodeTools */,
				820979241BD3B1CC00CF9D0C /* CustomView */,
				820978FD1BD3A94100CF9D0C /* Class */,
				820978E91BD3A37700CF9D0C /* AppDelegate.h */,
				820978EA1BD3A37700CF9D0C /* AppDelegate.m */,
				820978F21BD3A37700CF9D0C /* Assets.xcassets */,
				820978E61BD3A37600CF9D0C /* Supporting Files */,
				637C2D2224A995F70009274C /* ljwcodeHeadLineNews.pch */,
			);
			path = ljwcodeHeadLineNews;
			sourceTree = "<group>";
		};
		820978E61BD3A37600CF9D0C /* Supporting Files */ = {
			isa = PBXGroup;
			children = (
				820978E71BD3A37600CF9D0C /* main.m */,
				820978F71BD3A37700CF9D0C /* Info.plist */,
			);
			name = "Supporting Files";
			sourceTree = "<group>";
		};
		820978FD1BD3A94100CF9D0C /* Class */ = {
			isa = PBXGroup;
			children = (
				63796B0D24ADCFDE00FB1421 /* webView */,
				637C2D2D24A9D1120009274C /* headLineNewsNetwork */,
				63422C4724A8759C0091FEE1 /* ChannelView */,
				820979041BD3AA9400CF9D0C /* Base */,
				820979081BD3AB0600CF9D0C /* Home */,
				820979091BD3AB0600CF9D0C /* weitoutiao */,
				8209790A1BD3AB0600CF9D0C /* mine */,
				8209790C1BD3AB0600CF9D0C /* Video */,
			);
			path = Class;
			sourceTree = "<group>";
		};
		820979041BD3AA9400CF9D0C /* Base */ = {
			isa = PBXGroup;
			children = (
				637C5C0724A35B7B00D7C0E0 /* viewModel */,
				637C5C0624A35B6C00D7C0E0 /* view */,
				637C5C0524A35B6500D7C0E0 /* model */,
				94A4A6E724A252CF002A6CA3 /* viewController */,
			);
			path = Base;
			sourceTree = "<group>";
		};
		820979081BD3AB0600CF9D0C /* Home */ = {
			isa = PBXGroup;
			children = (
				63B07BEE24A1DCF900C7CD6F /* ViewModel */,
				63B07BED24A1DCF100C7CD6F /* Model */,
				63B07BEC24A1DCE900C7CD6F /* View */,
				63B07BEB24A1DCD300C7CD6F /* Controller */,
			);
			path = Home;
			sourceTree = "<group>";
		};
		820979091BD3AB0600CF9D0C /* weitoutiao */ = {
			isa = PBXGroup;
			children = (
				820979121BD3AEA800CF9D0C /* ljwcodeWeiTouTiaoViewController.h */,
				820979131BD3AEA800CF9D0C /* ljwcodeWeiTouTiaoViewController.m */,
			);
			path = weitoutiao;
			sourceTree = "<group>";
		};
		8209790A1BD3AB0600CF9D0C /* mine */ = {
			isa = PBXGroup;
			children = (
				820979171BD3AFAC00CF9D0C /* ljwcodeMineViewController.h */,
				820979181BD3AFAC00CF9D0C /* ljwcodeMineViewController.m */,
			);
			path = mine;
			sourceTree = "<group>";
		};
		8209790C1BD3AB0600CF9D0C /* Video */ = {
			isa = PBXGroup;
			children = (
				63F1F8D724AF27ED00D687ED /* Controller */,
				63F1F8D624AF27E200D687ED /* viewModel */,
				63F1F8D524AF27DB00D687ED /* model */,
				63F1F8D424AF27CF00D687ED /* view */,
			);
			path = Video;
			sourceTree = "<group>";
		};
		820979211BD3B0FE00CF9D0C /* Frameworks */ = {
			isa = PBXGroup;
			children = (
				63F1F8CF24AF219400D687ED /* AVFoundation.framework */,
				C26366D8F2716954E8D15696 /* Pods_ljwcodeHeadLineNews.framework */,
			);
			name = Frameworks;
			sourceTree = "<group>";
		};
		820979241BD3B1CC00CF9D0C /* CustomView */ = {
			isa = PBXGroup;
			children = (
				820979251BD3B1CC00CF9D0C /* ljwcodeMain */,
			);
			path = CustomView;
			sourceTree = "<group>";
		};
		820979251BD3B1CC00CF9D0C /* ljwcodeMain */ = {
			isa = PBXGroup;
			children = (
				820979261BD3B28700CF9D0C /* ljwcodeTabBarController.h */,
				820979271BD3B28700CF9D0C /* ljwcodeTabBarController.m */,
				631BAEE6249B63D700639CD2 /* UITabBar+ljwcodeTabBarItem.h */,
				631BAEE7249B63D700639CD2 /* UITabBar+ljwcodeTabBarItem.m */,
				631BAEE9249B751D00639CD2 /* ljwcodeNavigationController.h */,
				631BAEEA249B751D00639CD2 /* ljwcodeNavigationController.m */,
				6328F612249E111F00C767A8 /* ljwcodeHeader.h */,
				6328F613249E111F00C767A8 /* ljwcodeHeader.m */,
				63231B8F24A08F110059FD5F /* ljwcodeNavigationBar.h */,
				63231B9024A08F110059FD5F /* ljwcodeNavigationBar.m */,
			);
			path = ljwcodeMain;
			sourceTree = "<group>";
		};
		94A4A6E724A252CF002A6CA3 /* viewController */ = {
			isa = PBXGroup;
			children = (
				94A4A6E824A25331002A6CA3 /* ljwcodeBaseViewController.h */,
				94A4A6E924A25331002A6CA3 /* ljwcodeBaseViewController.m */,
			);
			path = viewController;
			sourceTree = "<group>";
		};
/* End PBXGroup section */

/* Begin PBXNativeTarget section */
		820978E21BD3A37600CF9D0C /* ljwcodeHeadLineNews */ = {
			isa = PBXNativeTarget;
			buildConfigurationList = 820978FA1BD3A37700CF9D0C /* Build configuration list for PBXNativeTarget "ljwcodeHeadLineNews" */;
			buildPhases = (
				1C5E7AA71FA3183FF9F3E28E /* [CP] Check Pods Manifest.lock */,
				820978DF1BD3A37600CF9D0C /* Sources */,
				820978E01BD3A37600CF9D0C /* Frameworks */,
				820978E11BD3A37600CF9D0C /* Resources */,
				51B1AFBB7C3E2341CF1762F0 /* [CP] Embed Pods Frameworks */,
			);
			buildRules = (
			);
			dependencies = (
			);
			name = ljwcodeHeadLineNews;
			productName = LLRiseTabBarDemo;
			productReference = 820978E31BD3A37600CF9D0C /* 今日头条.app */;
			productType = "com.apple.product-type.application";
		};
/* End PBXNativeTarget section */

/* Begin PBXProject section */
		820978DB1BD3A37600CF9D0C /* Project object */ = {
			isa = PBXProject;
			attributes = {
				LastUpgradeCheck = 0700;
				ORGANIZATIONNAME = ljwcode;
				TargetAttributes = {
					820978E21BD3A37600CF9D0C = {
						CreatedOnToolsVersion = 7.0.1;
					};
				};
			};
			buildConfigurationList = 820978DE1BD3A37600CF9D0C /* Build configuration list for PBXProject "ljwcodeHeadLineNews" */;
			compatibilityVersion = "Xcode 11.4";
			developmentRegion = English;
			hasScannedForEncodings = 0;
			knownRegions = (
				English,
				en,
				Base,
			);
			mainGroup = 820978DA1BD3A37600CF9D0C;
			productRefGroup = 820978E41BD3A37600CF9D0C /* Products */;
			projectDirPath = "";
			projectRoot = "";
			targets = (
				820978E21BD3A37600CF9D0C /* ljwcodeHeadLineNews */,
			);
		};
/* End PBXProject section */

/* Begin PBXResourcesBuildPhase section */
		820978E11BD3A37600CF9D0C /* Resources */ = {
			isa = PBXResourcesBuildPhase;
			buildActionMask = 2147483647;
			files = (
				949E779524A39605000C446E /* homejokeTableViewCell.xib in Resources */,
				63422C5824A87EC20091FEE1 /* newsChannelTitleView.xib in Resources */,
				6328F615249E1BBF00C767A8 /* Assets.xcassets in Resources */,
				63167AB824AB6380002CB4EF /* homeListModel in Resources */,
				63F1F8E424AF31D300D687ED /* videoListModel in Resources */,
				63F1F8D924AF28CA00D687ED /* videoPlayer.xib in Resources */,
				949E779A24A39FDE000C446E /* homeContentNewsTableViewCell.xib in Resources */,
				63B07BF324A1DD5600C7CD6F /* homeNewsTableViewCell.xib in Resources */,
				63167ABA24AB63E2002CB4EF /* homeTitleChannelModel in Resources */,
			);
			runOnlyForDeploymentPostprocessing = 0;
		};
/* End PBXResourcesBuildPhase section */

/* Begin PBXShellScriptBuildPhase section */
		1C5E7AA71FA3183FF9F3E28E /* [CP] Check Pods Manifest.lock */ = {
			isa = PBXShellScriptBuildPhase;
			buildActionMask = 2147483647;
			files = (
			);
			inputFileListPaths = (
			);
			inputPaths = (
				"${PODS_PODFILE_DIR_PATH}/Podfile.lock",
				"${PODS_ROOT}/Manifest.lock",
			);
			name = "[CP] Check Pods Manifest.lock";
			outputFileListPaths = (
			);
			outputPaths = (
				"$(DERIVED_FILE_DIR)/Pods-ljwcodeHeadLineNews-checkManifestLockResult.txt",
			);
			runOnlyForDeploymentPostprocessing = 0;
			shellPath = /bin/sh;
			shellScript = "diff \"${PODS_PODFILE_DIR_PATH}/Podfile.lock\" \"${PODS_ROOT}/Manifest.lock\" > /dev/null\nif [ $? != 0 ] ; then\n    # print error to STDERR\n    echo \"error: The sandbox is not in sync with the Podfile.lock. Run 'pod install' or update your CocoaPods installation.\" >&2\n    exit 1\nfi\n# This output is used by Xcode 'outputs' to avoid re-running this script phase.\necho \"SUCCESS\" > \"${SCRIPT_OUTPUT_FILE_0}\"\n";
			showEnvVarsInLog = 0;
		};
		51B1AFBB7C3E2341CF1762F0 /* [CP] Embed Pods Frameworks */ = {
			isa = PBXShellScriptBuildPhase;
			buildActionMask = 2147483647;
			files = (
			);
			inputFileListPaths = (
				"${PODS_ROOT}/Target Support Files/Pods-ljwcodeHeadLineNews/Pods-ljwcodeHeadLineNews-frameworks-${CONFIGURATION}-input-files.xcfilelist",
			);
			name = "[CP] Embed Pods Frameworks";
			outputFileListPaths = (
				"${PODS_ROOT}/Target Support Files/Pods-ljwcodeHeadLineNews/Pods-ljwcodeHeadLineNews-frameworks-${CONFIGURATION}-output-files.xcfilelist",
			);
			runOnlyForDeploymentPostprocessing = 0;
			shellPath = /bin/sh;
			shellScript = "\"${PODS_ROOT}/Target Support Files/Pods-ljwcodeHeadLineNews/Pods-ljwcodeHeadLineNews-frameworks.sh\"\n";
			showEnvVarsInLog = 0;
		};
/* End PBXShellScriptBuildPhase section */

/* Begin PBXSourcesBuildPhase section */
		820978DF1BD3A37600CF9D0C /* Sources */ = {
			isa = PBXSourcesBuildPhase;
			buildActionMask = 2147483647;
			files = (
				63F1F8D324AF223200D687ED /* videoPlayerView.m in Sources */,
				637C5C0A24A35C0800D7C0E0 /* ljwcodeBaseViewModel.m in Sources */,
				63167AB324AB6091002CB4EF /* homeNewsRequestModel.m in Sources */,
				631BAEE8249B63D700639CD2 /* UITabBar+ljwcodeTabBarItem.m in Sources */,
				63796B1024ADD83B00FB1421 /* homeNewsBrowserViewController.m in Sources */,
				63C472A124B0566D0030C84B /* NetworkSpeedMonitor.m in Sources */,
				63167AAD24AAE3C2002CB4EF /* homeDetailViewController.m in Sources */,
				8209791F1BD3AFDB00CF9D0C /* ljwcodeVideoViewController.m in Sources */,
				6328F611249DEA8C00C767A8 /* ljwcodeEmitterHelper.m in Sources */,
				63F1F8ED24AF3AB600D687ED /* videoContentRequestModel.m in Sources */,
				820979281BD3B28700CF9D0C /* ljwcodeTabBarController.m in Sources */,
				63422C5E24A88F020091FEE1 /* channelButton.m in Sources */,
				63F1F8E724AF347600D687ED /* videoTitleViewModel.m in Sources */,
				6365C9C024ACB4AF00EC9F1D /* ljwcodeRefreshGifHeader.m in Sources */,
				637C2D2C24A9CF630009274C /* homeTitleViewModel.m in Sources */,
				637C2D3924A9DDA10009274C /* homeTitleRequestModel.m in Sources */,
				63422BE024A839960091FEE1 /* WMMenuItem.m in Sources */,
				949E779924A39FDE000C446E /* homeContentNewsTableViewCell.m in Sources */,
				63F1F8E224AF315E00D687ED /* videoModel.m in Sources */,
				63422BE324A839960091FEE1 /* WMProgressView.m in Sources */,
				63F1F8EA24AF3A3500D687ED /* videoContentViewModel.m in Sources */,
				63422C5624A87EA30091FEE1 /* newsChannelTitleView.m in Sources */,
				637C2D3024A9D1600009274C /* networkBaseModel.m in Sources */,
				63B07BF224A1DD5600C7CD6F /* homeNewsTableViewCell.m in Sources */,
				637C2D2924A9CDE30009274C /* homeTitleModel.m in Sources */,
				820979101BD3AB2800CF9D0C /* homeViewController.m in Sources */,
				63422BE124A839960091FEE1 /* WMScrollView.m in Sources */,
				63F1F8DF24AF2FD200D687ED /* videoTitleRequestModel.m in Sources */,
				637C2D3324A9D1930009274C /* networkURLManager.m in Sources */,
				820978EB1BD3A37700CF9D0C /* AppDelegate.m in Sources */,
				63AD1ABA24AC61D1007EC745 /* homeJokeModel.m in Sources */,
				63422C5B24A88BB40091FEE1 /* newsChannelModel.m in Sources */,
				637C2D3624A9D3EA0009274C /* networkManagerCenter.m in Sources */,
				94A4A6EA24A25331002A6CA3 /* ljwcodeBaseViewController.m in Sources */,
				63167AB024AB5FEE002CB4EF /* homeNewsCellViewModel.m in Sources */,
				63C4729E24B0250B0030C84B /* videoPlayerToolView.m in Sources */,
				63B07BF624A1E41200C7CD6F /* UIView+frame.m in Sources */,
				631BAEEB249B751D00639CD2 /* ljwcodeNavigationController.m in Sources */,
				63231B9124A08F110059FD5F /* ljwcodeNavigationBar.m in Sources */,
				637C2D2624A9C1E60009274C /* UIButton+extend.m in Sources */,
				63422C4F24A876520091FEE1 /* QiPageMenuView.m in Sources */,
				63F1F8DC24AF2D7700D687ED /* videoTitleModel.m in Sources */,
				63167AB624AB6182002CB4EF /* homeNewsModel.m in Sources */,
				6328F614249E111F00C767A8 /* ljwcodeHeader.m in Sources */,
				63422BDF24A839960091FEE1 /* WMPageController.m in Sources */,
				63422C5024A876520091FEE1 /* QiPageContentView.m in Sources */,
				63422BE224A839960091FEE1 /* WMMenuView.m in Sources */,
				820979151BD3AEA800CF9D0C /* ljwcodeWeiTouTiaoViewController.m in Sources */,
				820978E81BD3A37600CF9D0C /* main.m in Sources */,
				637C2D3C24A9F1BA0009274C /* MBProgressHUD+Add.m in Sources */,
				63422C4A24A875D40091FEE1 /* NewsChannelView.m in Sources */,
				949E779424A39605000C446E /* homejokeTableViewCell.m in Sources */,
				8209791A1BD3AFAC00CF9D0C /* ljwcodeMineViewController.m in Sources */,
			);
			runOnlyForDeploymentPostprocessing = 0;
		};
/* End PBXSourcesBuildPhase section */

/* Begin XCBuildConfiguration section */
		820978F81BD3A37700CF9D0C /* Debug */ = {
			isa = XCBuildConfiguration;
			buildSettings = {
				ALWAYS_SEARCH_USER_PATHS = NO;
				CLANG_CXX_LANGUAGE_STANDARD = "gnu++0x";
				CLANG_CXX_LIBRARY = "libc++";
				CLANG_ENABLE_MODULES = YES;
				CLANG_ENABLE_OBJC_ARC = YES;
				CLANG_WARN_BOOL_CONVERSION = YES;
				CLANG_WARN_CONSTANT_CONVERSION = YES;
				CLANG_WARN_DIRECT_OBJC_ISA_USAGE = YES_ERROR;
				CLANG_WARN_EMPTY_BODY = YES;
				CLANG_WARN_ENUM_CONVERSION = YES;
				CLANG_WARN_INT_CONVERSION = YES;
				CLANG_WARN_OBJC_ROOT_CLASS = YES_ERROR;
				CLANG_WARN_UNREACHABLE_CODE = YES;
				CLANG_WARN__DUPLICATE_METHOD_MATCH = YES;
				"CODE_SIGN_IDENTITY[sdk=iphoneos*]" = "iPhone Developer";
				COPY_PHASE_STRIP = NO;
				DEBUG_INFORMATION_FORMAT = dwarf;
				ENABLE_STRICT_OBJC_MSGSEND = YES;
				ENABLE_TESTABILITY = YES;
				GCC_C_LANGUAGE_STANDARD = gnu99;
				GCC_DYNAMIC_NO_PIC = NO;
				GCC_NO_COMMON_BLOCKS = YES;
				GCC_OPTIMIZATION_LEVEL = 0;
				GCC_PREFIX_HEADER = ljwcodeHeadLineNews/HeaderLineNews.pch;
				GCC_PREPROCESSOR_DEFINITIONS = (
					"DEBUG=1",
					"$(inherited)",
				);
				GCC_WARN_64_TO_32_BIT_CONVERSION = YES;
				GCC_WARN_ABOUT_RETURN_TYPE = YES_ERROR;
				GCC_WARN_UNDECLARED_SELECTOR = YES;
				GCC_WARN_UNINITIALIZED_AUTOS = YES_AGGRESSIVE;
				GCC_WARN_UNUSED_FUNCTION = YES;
				GCC_WARN_UNUSED_VARIABLE = YES;
				IPHONEOS_DEPLOYMENT_TARGET = 7.0;
				MTL_ENABLE_DEBUG_INFO = YES;
				ONLY_ACTIVE_ARCH = YES;
				SDKROOT = iphoneos;
			};
			name = Debug;
		};
		820978F91BD3A37700CF9D0C /* Release */ = {
			isa = XCBuildConfiguration;
			buildSettings = {
				ALWAYS_SEARCH_USER_PATHS = NO;
				CLANG_CXX_LANGUAGE_STANDARD = "gnu++0x";
				CLANG_CXX_LIBRARY = "libc++";
				CLANG_ENABLE_MODULES = YES;
				CLANG_ENABLE_OBJC_ARC = YES;
				CLANG_WARN_BOOL_CONVERSION = YES;
				CLANG_WARN_CONSTANT_CONVERSION = YES;
				CLANG_WARN_DIRECT_OBJC_ISA_USAGE = YES_ERROR;
				CLANG_WARN_EMPTY_BODY = YES;
				CLANG_WARN_ENUM_CONVERSION = YES;
				CLANG_WARN_INT_CONVERSION = YES;
				CLANG_WARN_OBJC_ROOT_CLASS = YES_ERROR;
				CLANG_WARN_UNREACHABLE_CODE = YES;
				CLANG_WARN__DUPLICATE_METHOD_MATCH = YES;
				"CODE_SIGN_IDENTITY[sdk=iphoneos*]" = "iPhone Developer";
				COPY_PHASE_STRIP = NO;
				DEBUG_INFORMATION_FORMAT = "dwarf-with-dsym";
				ENABLE_NS_ASSERTIONS = NO;
				ENABLE_STRICT_OBJC_MSGSEND = YES;
				GCC_C_LANGUAGE_STANDARD = gnu99;
				GCC_NO_COMMON_BLOCKS = YES;
				GCC_PREFIX_HEADER = ljwcodeHeadLineNews/HeaderLineNews.pch;
				GCC_WARN_64_TO_32_BIT_CONVERSION = YES;
				GCC_WARN_ABOUT_RETURN_TYPE = YES_ERROR;
				GCC_WARN_UNDECLARED_SELECTOR = YES;
				GCC_WARN_UNINITIALIZED_AUTOS = YES_AGGRESSIVE;
				GCC_WARN_UNUSED_FUNCTION = YES;
				GCC_WARN_UNUSED_VARIABLE = YES;
				IPHONEOS_DEPLOYMENT_TARGET = 7.0;
				MTL_ENABLE_DEBUG_INFO = NO;
				SDKROOT = iphoneos;
				VALIDATE_PRODUCT = YES;
			};
			name = Release;
		};
		820978FB1BD3A37700CF9D0C /* Debug */ = {
			isa = XCBuildConfiguration;
			baseConfigurationReference = A2C008BF83355F08C3B5A22B /* Pods-ljwcodeHeadLineNews.debug.xcconfig */;
			buildSettings = {
				ASSETCATALOG_COMPILER_APPICON_NAME = AppIcon;
				ASSETCATALOG_COMPILER_LAUNCHIMAGE_NAME = "";
				FRAMEWORK_SEARCH_PATHS = (
					"$(inherited)",
					"$(PROJECT_DIR)",
				);
				GCC_PREFIX_HEADER = ljwcodeHeadLineNews/ljwcodeHeadLineNews.pch;
				INFOPLIST_FILE = ljwcodeHeadLineNews/Info.plist;
				IPHONEOS_DEPLOYMENT_TARGET = 9.0;
				LD_RUNPATH_SEARCH_PATHS = (
					"$(inherited)",
					"@executable_path/Frameworks",
				);
				OTHER_LDFLAGS = (
					"-ObjC",
					"-all_load",
					"$(inherited)",
				);
				PRODUCT_BUNDLE_IDENTIFIER = gmail.com.ljwcodeHeadLineNews;
				PRODUCT_NAME = "今日头条";
				TARGETED_DEVICE_FAMILY = "1,2";
			};
			name = Debug;
		};
		820978FC1BD3A37700CF9D0C /* Release */ = {
			isa = XCBuildConfiguration;
			baseConfigurationReference = 293C19CEC52458542FCA55CC /* Pods-ljwcodeHeadLineNews.release.xcconfig */;
			buildSettings = {
				ASSETCATALOG_COMPILER_APPICON_NAME = AppIcon;
				ASSETCATALOG_COMPILER_LAUNCHIMAGE_NAME = "";
				FRAMEWORK_SEARCH_PATHS = (
					"$(inherited)",
					"$(PROJECT_DIR)",
				);
				GCC_PREFIX_HEADER = ljwcodeHeadLineNews/ljwcodeHeadLineNews.pch;
				INFOPLIST_FILE = ljwcodeHeadLineNews/Info.plist;
				IPHONEOS_DEPLOYMENT_TARGET = 9.0;
				LD_RUNPATH_SEARCH_PATHS = (
					"$(inherited)",
					"@executable_path/Frameworks",
				);
				OTHER_LDFLAGS = (
					"-ObjC",
					"-all_load",
					"$(inherited)",
				);
				PRODUCT_BUNDLE_IDENTIFIER = gmail.com.ljwcodeHeadLineNews;
				PRODUCT_NAME = "今日头条";
				TARGETED_DEVICE_FAMILY = "1,2";
			};
			name = Release;
		};
/* End XCBuildConfiguration section */

/* Begin XCConfigurationList section */
		820978DE1BD3A37600CF9D0C /* Build configuration list for PBXProject "ljwcodeHeadLineNews" */ = {
			isa = XCConfigurationList;
			buildConfigurations = (
				820978F81BD3A37700CF9D0C /* Debug */,
				820978F91BD3A37700CF9D0C /* Release */,
			);
			defaultConfigurationIsVisible = 0;
			defaultConfigurationName = Release;
		};
		820978FA1BD3A37700CF9D0C /* Build configuration list for PBXNativeTarget "ljwcodeHeadLineNews" */ = {
			isa = XCConfigurationList;
			buildConfigurations = (
				820978FB1BD3A37700CF9D0C /* Debug */,
				820978FC1BD3A37700CF9D0C /* Release */,
			);
			defaultConfigurationIsVisible = 0;
			defaultConfigurationName = Release;
		};
/* End XCConfigurationList section */
	};
	rootObject = 820978DB1BD3A37600CF9D0C /* Project object */;
}
